// !$*UTF8*$!
{
	archiveVersion = 1;
	classes = {
	};
	objectVersion = 51;
	objects = {

/* Begin PBXBuildFile section */
		2FC95C492695C4A600FCE2CC /* GoogleService-Info.plist in Resources */ = {isa = PBXBuildFile; fileRef = 2FC95C482695C4A600FCE2CC /* GoogleService-Info.plist */; };
		2FC95C4B2695C71300FCE2CC /* ActivityConstructor.swift in Sources */ = {isa = PBXBuildFile; fileRef = 2FC95C4A2695C71300FCE2CC /* ActivityConstructor.swift */; };
		31DA337A270C7B7C0055E2B6 /* Moments.xib in Resources */ = {isa = PBXBuildFile; fileRef = 31DA3379270C7B7C0055E2B6 /* Moments.xib */; };
		31DA337C270C7CC70055E2B6 /* Moments.swift in Sources */ = {isa = PBXBuildFile; fileRef = 31DA337B270C7CC70055E2B6 /* Moments.swift */; };
		31DA337E270C8E0C0055E2B6 /* History.xib in Resources */ = {isa = PBXBuildFile; fileRef = 31DA337D270C8E0C0055E2B6 /* History.xib */; };
		31DA3380270C8E190055E2B6 /* Favorites.xib in Resources */ = {isa = PBXBuildFile; fileRef = 31DA337F270C8E190055E2B6 /* Favorites.xib */; };
		31DA3385270C8F6C0055E2B6 /* History.swift in Sources */ = {isa = PBXBuildFile; fileRef = 31DA3384270C8F6C0055E2B6 /* History.swift */; };
		31DA3387270C8F7D0055E2B6 /* Favorites.swift in Sources */ = {isa = PBXBuildFile; fileRef = 31DA3386270C8F7D0055E2B6 /* Favorites.swift */; };
		3FDB4646268F4D8600A46720 /* Card.xib in Resources */ = {isa = PBXBuildFile; fileRef = 3FDB4645268F4D8600A46720 /* Card.xib */; };
		A729CA86269477840000E9D3 /* ActivityOverview.storyboard in Resources */ = {isa = PBXBuildFile; fileRef = A729CA85269477840000E9D3 /* ActivityOverview.storyboard */; };
		A74A0BFC268F3D4000F99C7C /* ActivityPageViewController.swift in Sources */ = {isa = PBXBuildFile; fileRef = A74A0BFB268F3D4000F99C7C /* ActivityPageViewController.swift */; };
		A74A0BFE268F488C00F99C7C /* ActivityStepViewController.swift in Sources */ = {isa = PBXBuildFile; fileRef = A74A0BFD268F488C00F99C7C /* ActivityStepViewController.swift */; };
		A74A0C00268F599D00F99C7C /* ActivityPageControlViewController.swift in Sources */ = {isa = PBXBuildFile; fileRef = A74A0BFF268F599D00F99C7C /* ActivityPageControlViewController.swift */; };
		A766327D270744800024F879 /* OptionalTextActivityItemSource.swift in Sources */ = {isa = PBXBuildFile; fileRef = A766327C270744800024F879 /* OptionalTextActivityItemSource.swift */; };
		A7690E5C26F8C7A50097127B /* CameraManager.swift in Sources */ = {isa = PBXBuildFile; fileRef = A7690E5B26F8C7A50097127B /* CameraManager.swift */; };
		A7BD6971268B3AB50005331F /* Search.storyboard in Resources */ = {isa = PBXBuildFile; fileRef = A7BD6970268B3AB50005331F /* Search.storyboard */; };
		A7BD6973268B3AC70005331F /* Profile.storyboard in Resources */ = {isa = PBXBuildFile; fileRef = A7BD6972268B3AC70005331F /* Profile.storyboard */; };
		A7BD6976268B41F30005331F /* Discover.storyboard in Resources */ = {isa = PBXBuildFile; fileRef = A7BD6974268B41F30005331F /* Discover.storyboard */; };
		A7BD697B268B57B20005331F /* SearchViewController.swift in Sources */ = {isa = PBXBuildFile; fileRef = A7BD697A268B57B20005331F /* SearchViewController.swift */; };
		A7BD697D268B59E10005331F /* DiscoverViewController.swift in Sources */ = {isa = PBXBuildFile; fileRef = A7BD697C268B59E10005331F /* DiscoverViewController.swift */; };
		A7BD697F268B5A010005331F /* ProfileViewController.swift in Sources */ = {isa = PBXBuildFile; fileRef = A7BD697E268B5A010005331F /* ProfileViewController.swift */; };
		A7BD6987268B5DED0005331F /* Card.swift in Sources */ = {isa = PBXBuildFile; fileRef = A7BD6986268B5DED0005331F /* Card.swift */; };
		A7C66193269340D500E79AC4 /* ActivityStep.swift in Sources */ = {isa = PBXBuildFile; fileRef = A7C66192269340D500E79AC4 /* ActivityStep.swift */; };
		A7C66197269350D500E79AC4 /* ActivityOverviewViewController.swift in Sources */ = {isa = PBXBuildFile; fileRef = A7C66196269350D500E79AC4 /* ActivityOverviewViewController.swift */; };
		A7CE1E1A268CB33E00180E01 /* Searchable.swift in Sources */ = {isa = PBXBuildFile; fileRef = A7CE1E19268CB33E00180E01 /* Searchable.swift */; };
		A7CE1E1C268CB38200180E01 /* Activity.swift in Sources */ = {isa = PBXBuildFile; fileRef = A7CE1E1B268CB38200180E01 /* Activity.swift */; };
		A7DF158F268E0AE30004C616 /* ActivityStep.storyboard in Resources */ = {isa = PBXBuildFile; fileRef = A7DF158E268E0AE30004C616 /* ActivityStep.storyboard */; };
		A7E65C3026860E1600570FBD /* AppDelegate.swift in Sources */ = {isa = PBXBuildFile; fileRef = A7E65C2F26860E1600570FBD /* AppDelegate.swift */; };
		A7E65C3226860E1600570FBD /* SceneDelegate.swift in Sources */ = {isa = PBXBuildFile; fileRef = A7E65C3126860E1600570FBD /* SceneDelegate.swift */; };
		A7E65C3726860E1600570FBD /* Main.storyboard in Resources */ = {isa = PBXBuildFile; fileRef = A7E65C3526860E1600570FBD /* Main.storyboard */; };
		A7E65C3926860E1700570FBD /* Assets.xcassets in Resources */ = {isa = PBXBuildFile; fileRef = A7E65C3826860E1700570FBD /* Assets.xcassets */; };
		A7E65C3C26860E1700570FBD /* LaunchScreen.storyboard in Resources */ = {isa = PBXBuildFile; fileRef = A7E65C3A26860E1700570FBD /* LaunchScreen.storyboard */; };
		CDF009822701E41200485CFA /* DesignableUIView.swift in Sources */ = {isa = PBXBuildFile; fileRef = CDF009812701E41200485CFA /* DesignableUIView.swift */; };
		D7581E1126F8B7E700903D9C /* AnalyticsHelper.swift in Sources */ = {isa = PBXBuildFile; fileRef = D7581E1026F8B7E700903D9C /* AnalyticsHelper.swift */; };
		E5C0843C7C1F22294ABDFC67 /* Pods_geppetto.framework in Frameworks */ = {isa = PBXBuildFile; fileRef = 2482F80FF0D8C7A94B446A4B /* Pods_geppetto.framework */; };
/* End PBXBuildFile section */

/* Begin PBXFileReference section */
		1D97AA0C085D5E011BEDC899 /* Pods-geppetto.release.xcconfig */ = {isa = PBXFileReference; includeInIndex = 1; lastKnownFileType = text.xcconfig; name = "Pods-geppetto.release.xcconfig"; path = "Target Support Files/Pods-geppetto/Pods-geppetto.release.xcconfig"; sourceTree = "<group>"; };
		2482F80FF0D8C7A94B446A4B /* Pods_geppetto.framework */ = {isa = PBXFileReference; explicitFileType = wrapper.framework; includeInIndex = 0; path = Pods_geppetto.framework; sourceTree = BUILT_PRODUCTS_DIR; };
		28E3FC289032081DC8A179C1 /* Pods-geppetto.debug.xcconfig */ = {isa = PBXFileReference; includeInIndex = 1; lastKnownFileType = text.xcconfig; name = "Pods-geppetto.debug.xcconfig"; path = "Target Support Files/Pods-geppetto/Pods-geppetto.debug.xcconfig"; sourceTree = "<group>"; };
		2FC95C482695C4A600FCE2CC /* GoogleService-Info.plist */ = {isa = PBXFileReference; fileEncoding = 4; lastKnownFileType = text.plist.xml; path = "GoogleService-Info.plist"; sourceTree = "<group>"; };
		2FC95C4A2695C71300FCE2CC /* ActivityConstructor.swift */ = {isa = PBXFileReference; lastKnownFileType = sourcecode.swift; path = ActivityConstructor.swift; sourceTree = "<group>"; };
		31DA3379270C7B7C0055E2B6 /* Moments.xib */ = {isa = PBXFileReference; lastKnownFileType = file.xib; path = Moments.xib; sourceTree = "<group>"; };
		31DA337B270C7CC70055E2B6 /* Moments.swift */ = {isa = PBXFileReference; lastKnownFileType = sourcecode.swift; path = Moments.swift; sourceTree = "<group>"; };
		31DA337D270C8E0C0055E2B6 /* History.xib */ = {isa = PBXFileReference; lastKnownFileType = file.xib; path = History.xib; sourceTree = "<group>"; };
		31DA337F270C8E190055E2B6 /* Favorites.xib */ = {isa = PBXFileReference; lastKnownFileType = file.xib; path = Favorites.xib; sourceTree = "<group>"; };
		31DA3384270C8F6C0055E2B6 /* History.swift */ = {isa = PBXFileReference; lastKnownFileType = sourcecode.swift; path = History.swift; sourceTree = "<group>"; };
		31DA3386270C8F7D0055E2B6 /* Favorites.swift */ = {isa = PBXFileReference; lastKnownFileType = sourcecode.swift; path = Favorites.swift; sourceTree = "<group>"; };
		3FDB4645268F4D8600A46720 /* Card.xib */ = {isa = PBXFileReference; lastKnownFileType = file.xib; path = Card.xib; sourceTree = "<group>"; };
		A70E8A7626E2469B002EE0F6 /* .swiftlint.yml */ = {isa = PBXFileReference; lastKnownFileType = text.yaml; path = .swiftlint.yml; sourceTree = "<group>"; };
		A70E8A7726E24ECB002EE0F6 /* juntu.png */ = {isa = PBXFileReference; lastKnownFileType = image.png; path = juntu.png; sourceTree = "<group>"; };
		A729CA85269477840000E9D3 /* ActivityOverview.storyboard */ = {isa = PBXFileReference; lastKnownFileType = file.storyboard; path = ActivityOverview.storyboard; sourceTree = "<group>"; };
		A74A0BFB268F3D4000F99C7C /* ActivityPageViewController.swift */ = {isa = PBXFileReference; lastKnownFileType = sourcecode.swift; path = ActivityPageViewController.swift; sourceTree = "<group>"; };
		A74A0BFD268F488C00F99C7C /* ActivityStepViewController.swift */ = {isa = PBXFileReference; lastKnownFileType = sourcecode.swift; path = ActivityStepViewController.swift; sourceTree = "<group>"; };
		A74A0BFF268F599D00F99C7C /* ActivityPageControlViewController.swift */ = {isa = PBXFileReference; lastKnownFileType = sourcecode.swift; path = ActivityPageControlViewController.swift; sourceTree = "<group>"; };
		A766327C270744800024F879 /* OptionalTextActivityItemSource.swift */ = {isa = PBXFileReference; lastKnownFileType = sourcecode.swift; path = OptionalTextActivityItemSource.swift; sourceTree = "<group>"; };
		A7690E5B26F8C7A50097127B /* CameraManager.swift */ = {isa = PBXFileReference; lastKnownFileType = sourcecode.swift; path = CameraManager.swift; sourceTree = "<group>"; };
		A77BCE7D269C85A900E612BC /* README.md */ = {isa = PBXFileReference; lastKnownFileType = net.daringfireball.markdown; path = README.md; sourceTree = "<group>"; };
		A7BD6970268B3AB50005331F /* Search.storyboard */ = {isa = PBXFileReference; lastKnownFileType = file.storyboard; path = Search.storyboard; sourceTree = "<group>"; };
		A7BD6972268B3AC70005331F /* Profile.storyboard */ = {isa = PBXFileReference; lastKnownFileType = file.storyboard; path = Profile.storyboard; sourceTree = "<group>"; };
		A7BD6975268B41F30005331F /* Base */ = {isa = PBXFileReference; lastKnownFileType = file.storyboard; name = Base; path = geppetto/Base.lproj/Discover.storyboard; sourceTree = "<group>"; };
		A7BD697A268B57B20005331F /* SearchViewController.swift */ = {isa = PBXFileReference; lastKnownFileType = sourcecode.swift; path = SearchViewController.swift; sourceTree = "<group>"; };
		A7BD697C268B59E10005331F /* DiscoverViewController.swift */ = {isa = PBXFileReference; lastKnownFileType = sourcecode.swift; path = DiscoverViewController.swift; sourceTree = "<group>"; };
		A7BD697E268B5A010005331F /* ProfileViewController.swift */ = {isa = PBXFileReference; lastKnownFileType = sourcecode.swift; path = ProfileViewController.swift; sourceTree = "<group>"; };
		A7BD6986268B5DED0005331F /* Card.swift */ = {isa = PBXFileReference; lastKnownFileType = sourcecode.swift; path = Card.swift; sourceTree = "<group>"; };
		A7C66192269340D500E79AC4 /* ActivityStep.swift */ = {isa = PBXFileReference; lastKnownFileType = sourcecode.swift; path = ActivityStep.swift; sourceTree = "<group>"; };
		A7C66196269350D500E79AC4 /* ActivityOverviewViewController.swift */ = {isa = PBXFileReference; lastKnownFileType = sourcecode.swift; path = ActivityOverviewViewController.swift; sourceTree = "<group>"; };
		A7CE1E19268CB33E00180E01 /* Searchable.swift */ = {isa = PBXFileReference; lastKnownFileType = sourcecode.swift; path = Searchable.swift; sourceTree = "<group>"; };
		A7CE1E1B268CB38200180E01 /* Activity.swift */ = {isa = PBXFileReference; lastKnownFileType = sourcecode.swift; path = Activity.swift; sourceTree = "<group>"; };
		A7DF158E268E0AE30004C616 /* ActivityStep.storyboard */ = {isa = PBXFileReference; lastKnownFileType = file.storyboard; path = ActivityStep.storyboard; sourceTree = "<group>"; };
		A7E65C2C26860E1600570FBD /* geppetto.app */ = {isa = PBXFileReference; explicitFileType = wrapper.application; includeInIndex = 0; path = geppetto.app; sourceTree = BUILT_PRODUCTS_DIR; };
		A7E65C2F26860E1600570FBD /* AppDelegate.swift */ = {isa = PBXFileReference; lastKnownFileType = sourcecode.swift; path = AppDelegate.swift; sourceTree = "<group>"; };
		A7E65C3126860E1600570FBD /* SceneDelegate.swift */ = {isa = PBXFileReference; lastKnownFileType = sourcecode.swift; path = SceneDelegate.swift; sourceTree = "<group>"; };
		A7E65C3626860E1600570FBD /* Base */ = {isa = PBXFileReference; lastKnownFileType = file.storyboard; name = Base; path = Base.lproj/Main.storyboard; sourceTree = "<group>"; };
		A7E65C3826860E1700570FBD /* Assets.xcassets */ = {isa = PBXFileReference; lastKnownFileType = folder.assetcatalog; path = Assets.xcassets; sourceTree = "<group>"; };
		A7E65C3B26860E1700570FBD /* Base */ = {isa = PBXFileReference; lastKnownFileType = file.storyboard; name = Base; path = Base.lproj/LaunchScreen.storyboard; sourceTree = "<group>"; };
		A7E65C3D26860E1700570FBD /* Info.plist */ = {isa = PBXFileReference; lastKnownFileType = text.plist.xml; path = Info.plist; sourceTree = "<group>"; };
		CDF009812701E41200485CFA /* DesignableUIView.swift */ = {isa = PBXFileReference; lastKnownFileType = sourcecode.swift; path = DesignableUIView.swift; sourceTree = "<group>"; };
		D7581E1026F8B7E700903D9C /* AnalyticsHelper.swift */ = {isa = PBXFileReference; lastKnownFileType = sourcecode.swift; path = AnalyticsHelper.swift; sourceTree = "<group>"; };
/* End PBXFileReference section */

/* Begin PBXFrameworksBuildPhase section */
		A7E65C2926860E1600570FBD /* Frameworks */ = {
			isa = PBXFrameworksBuildPhase;
			buildActionMask = 2147483647;
			files = (
				E5C0843C7C1F22294ABDFC67 /* Pods_geppetto.framework in Frameworks */,
			);
			runOnlyForDeploymentPostprocessing = 0;
		};
/* End PBXFrameworksBuildPhase section */

/* Begin PBXGroup section */
		31DA3375270C78490055E2B6 /* Profile */ = {
			isa = PBXGroup;
			children = (
			);
			path = Profile;
			sourceTree = "<group>";
		};
		31DA3376270C7A670055E2B6 /* Profile */ = {
			isa = PBXGroup;
			children = (
				A7BD6972268B3AC70005331F /* Profile.storyboard */,
				31DA3379270C7B7C0055E2B6 /* Moments.xib */,
				31DA337B270C7CC70055E2B6 /* Moments.swift */,
				31DA337D270C8E0C0055E2B6 /* History.xib */,
				31DA337F270C8E190055E2B6 /* Favorites.xib */,
				31DA3384270C8F6C0055E2B6 /* History.swift */,
				31DA3386270C8F7D0055E2B6 /* Favorites.swift */,
			);
			path = Profile;
			sourceTree = "<group>";
		};
		5D706B5379199927FF786DA6 /* Frameworks */ = {
			isa = PBXGroup;
			children = (
				2482F80FF0D8C7A94B446A4B /* Pods_geppetto.framework */,
			);
			name = Frameworks;
			sourceTree = "<group>";
		};
		A766327B270744620024F879 /* CameraUsage */ = {
			isa = PBXGroup;
			children = (
				A7690E5B26F8C7A50097127B /* CameraManager.swift */,
				A766327C270744800024F879 /* OptionalTextActivityItemSource.swift */,
			);
			path = CameraUsage;
			sourceTree = "<group>";
		};
		A7BD6977268B54BF0005331F /* ViewControllers */ = {
			isa = PBXGroup;
			children = (
				A766327B270744620024F879 /* CameraUsage */,
				A7BD697C268B59E10005331F /* DiscoverViewController.swift */,
				A7BD697A268B57B20005331F /* SearchViewController.swift */,
				A74A0BFB268F3D4000F99C7C /* ActivityPageViewController.swift */,
				A74A0BFD268F488C00F99C7C /* ActivityStepViewController.swift */,
				A74A0BFF268F599D00F99C7C /* ActivityPageControlViewController.swift */,
				A7C66196269350D500E79AC4 /* ActivityOverviewViewController.swift */,
				A7690E5B26F8C7A50097127B /* CameraManager.swift */,
				31DA3375270C78490055E2B6 /* Profile */,
				A7BD697E268B5A010005331F /* ProfileViewController.swift */,
			);
			path = ViewControllers;
			sourceTree = "<group>";
		};
		A7BD6978268B54D30005331F /* Views */ = {
			isa = PBXGroup;
			children = (
				A7BD6981268B5C150005331F /* Components */,
				A7BD6980268B5C090005331F /* Storyboards */,
			);
			path = Views;
			sourceTree = "<group>";
		};
		A7BD6979268B56490005331F /* Model */ = {
			isa = PBXGroup;
			children = (
				D7581E0F26F8B7BA00903D9C /* Analytics */,
				A7CE1E19268CB33E00180E01 /* Searchable.swift */,
				A7CE1E1B268CB38200180E01 /* Activity.swift */,
				2FC95C4A2695C71300FCE2CC /* ActivityConstructor.swift */,
				A7C66192269340D500E79AC4 /* ActivityStep.swift */,
			);
			path = Model;
			sourceTree = "<group>";
		};
		A7BD6980268B5C090005331F /* Storyboards */ = {
			isa = PBXGroup;
			children = (
				A7E65C3A26860E1700570FBD /* LaunchScreen.storyboard */,
				A7E65C3526860E1600570FBD /* Main.storyboard */,
				A7BD6974268B41F30005331F /* Discover.storyboard */,
				A7BD6970268B3AB50005331F /* Search.storyboard */,
				31DA3376270C7A670055E2B6 /* Profile */,
				A7DF158E268E0AE30004C616 /* ActivityStep.storyboard */,
				A729CA85269477840000E9D3 /* ActivityOverview.storyboard */,
			);
			path = Storyboards;
			sourceTree = "<group>";
		};
		A7BD6981268B5C150005331F /* Components */ = {
			isa = PBXGroup;
			children = (
				A7BD6986268B5DED0005331F /* Card.swift */,
				3FDB4645268F4D8600A46720 /* Card.xib */,
				CDF009812701E41200485CFA /* DesignableUIView.swift */,
			);
			path = Components;
			sourceTree = "<group>";
		};
		A7E65C2326860E1600570FBD = {
			isa = PBXGroup;
			children = (
				A70E8A7726E24ECB002EE0F6 /* juntu.png */,
				A70E8A7626E2469B002EE0F6 /* .swiftlint.yml */,
				A77BCE7D269C85A900E612BC /* README.md */,
				A7E65C2E26860E1600570FBD /* geppetto */,
				A7E65C2D26860E1600570FBD /* Products */,
				E83B045F180CEF165B46D1B0 /* Pods */,
				5D706B5379199927FF786DA6 /* Frameworks */,
			);
			sourceTree = "<group>";
		};
		A7E65C2D26860E1600570FBD /* Products */ = {
			isa = PBXGroup;
			children = (
				A7E65C2C26860E1600570FBD /* geppetto.app */,
			);
			name = Products;
			sourceTree = "<group>";
		};
		A7E65C2E26860E1600570FBD /* geppetto */ = {
			isa = PBXGroup;
			children = (
				A7E65C2F26860E1600570FBD /* AppDelegate.swift */,
				A7E65C3126860E1600570FBD /* SceneDelegate.swift */,
				A7E65C3826860E1700570FBD /* Assets.xcassets */,
				A7E65C3D26860E1700570FBD /* Info.plist */,
				2FC95C482695C4A600FCE2CC /* GoogleService-Info.plist */,
				A7BD6979268B56490005331F /* Model */,
				A7BD6978268B54D30005331F /* Views */,
				A7BD6977268B54BF0005331F /* ViewControllers */,
			);
			path = geppetto;
			sourceTree = "<group>";
		};
		D7581E0F26F8B7BA00903D9C /* Analytics */ = {
			isa = PBXGroup;
			children = (
				D7581E1026F8B7E700903D9C /* AnalyticsHelper.swift */,
			);
			path = Analytics;
			sourceTree = "<group>";
		};
		E83B045F180CEF165B46D1B0 /* Pods */ = {
			isa = PBXGroup;
			children = (
				28E3FC289032081DC8A179C1 /* Pods-geppetto.debug.xcconfig */,
				1D97AA0C085D5E011BEDC899 /* Pods-geppetto.release.xcconfig */,
			);
			path = Pods;
			sourceTree = "<group>";
		};
/* End PBXGroup section */

/* Begin PBXNativeTarget section */
		A7E65C2B26860E1600570FBD /* geppetto */ = {
			isa = PBXNativeTarget;
			buildConfigurationList = A7E65C4026860E1700570FBD /* Build configuration list for PBXNativeTarget "geppetto" */;
			buildPhases = (
				2D317DC9BA8A125B80A02986 /* [CP] Check Pods Manifest.lock */,
				A7E65C2826860E1600570FBD /* Sources */,
				A7E65C2926860E1600570FBD /* Frameworks */,
				A7E65C2A26860E1600570FBD /* Resources */,
				D644F2FDBC656D38D85C4AD5 /* [CP] Embed Pods Frameworks */,
				A70E8A7526E244C0002EE0F6 /* ShellScript */,
			);
			buildRules = (
			);
			dependencies = (
			);
			name = geppetto;
			productName = geppetto;
			productReference = A7E65C2C26860E1600570FBD /* geppetto.app */;
			productType = "com.apple.product-type.application";
		};
/* End PBXNativeTarget section */

/* Begin PBXProject section */
		A7E65C2426860E1600570FBD /* Project object */ = {
			isa = PBXProject;
			attributes = {
				LastSwiftUpdateCheck = 1250;
				LastUpgradeCheck = 1250;
				TargetAttributes = {
					A7E65C2B26860E1600570FBD = {
						CreatedOnToolsVersion = 12.5.1;
					};
				};
			};
			buildConfigurationList = A7E65C2726860E1600570FBD /* Build configuration list for PBXProject "geppetto" */;
			compatibilityVersion = "Xcode 9.3";
			developmentRegion = en;
			hasScannedForEncodings = 0;
			knownRegions = (
				en,
				Base,
			);
			mainGroup = A7E65C2326860E1600570FBD;
			productRefGroup = A7E65C2D26860E1600570FBD /* Products */;
			projectDirPath = "";
			projectRoot = "";
			targets = (
				A7E65C2B26860E1600570FBD /* geppetto */,
			);
		};
/* End PBXProject section */

/* Begin PBXResourcesBuildPhase section */
		A7E65C2A26860E1600570FBD /* Resources */ = {
			isa = PBXResourcesBuildPhase;
			buildActionMask = 2147483647;
			files = (
				A7BD6973268B3AC70005331F /* Profile.storyboard in Resources */,
				A7E65C3C26860E1700570FBD /* LaunchScreen.storyboard in Resources */,
				A7E65C3926860E1700570FBD /* Assets.xcassets in Resources */,
				31DA3380270C8E190055E2B6 /* Favorites.xib in Resources */,
				3FDB4646268F4D8600A46720 /* Card.xib in Resources */,
				A7E65C3726860E1600570FBD /* Main.storyboard in Resources */,
				A7BD6971268B3AB50005331F /* Search.storyboard in Resources */,
				31DA337E270C8E0C0055E2B6 /* History.xib in Resources */,
				A729CA86269477840000E9D3 /* ActivityOverview.storyboard in Resources */,
				31DA337A270C7B7C0055E2B6 /* Moments.xib in Resources */,
				2FC95C492695C4A600FCE2CC /* GoogleService-Info.plist in Resources */,
				A7BD6976268B41F30005331F /* Discover.storyboard in Resources */,
				A7DF158F268E0AE30004C616 /* ActivityStep.storyboard in Resources */,
			);
			runOnlyForDeploymentPostprocessing = 0;
		};
/* End PBXResourcesBuildPhase section */

/* Begin PBXShellScriptBuildPhase section */
		2D317DC9BA8A125B80A02986 /* [CP] Check Pods Manifest.lock */ = {
			isa = PBXShellScriptBuildPhase;
			buildActionMask = 2147483647;
			files = (
			);
			inputFileListPaths = (
			);
			inputPaths = (
				"${PODS_PODFILE_DIR_PATH}/Podfile.lock",
				"${PODS_ROOT}/Manifest.lock",
			);
			name = "[CP] Check Pods Manifest.lock";
			outputFileListPaths = (
			);
			outputPaths = (
				"$(DERIVED_FILE_DIR)/Pods-geppetto-checkManifestLockResult.txt",
			);
			runOnlyForDeploymentPostprocessing = 0;
			shellPath = /bin/sh;
			shellScript = "diff \"${PODS_PODFILE_DIR_PATH}/Podfile.lock\" \"${PODS_ROOT}/Manifest.lock\" > /dev/null\nif [ $? != 0 ] ; then\n    # print error to STDERR\n    echo \"error: The sandbox is not in sync with the Podfile.lock. Run 'pod install' or update your CocoaPods installation.\" >&2\n    exit 1\nfi\n# This output is used by Xcode 'outputs' to avoid re-running this script phase.\necho \"SUCCESS\" > \"${SCRIPT_OUTPUT_FILE_0}\"\n";
			showEnvVarsInLog = 0;
		};
		A70E8A7526E244C0002EE0F6 /* ShellScript */ = {
			isa = PBXShellScriptBuildPhase;
			buildActionMask = 2147483647;
			files = (
			);
			inputFileListPaths = (
			);
			inputPaths = (
			);
			outputFileListPaths = (
			);
			outputPaths = (
			);
			runOnlyForDeploymentPostprocessing = 0;
			shellPath = /bin/sh;
			shellScript = "if which swiftlint >/dev/null; then\nswiftlint\nelse\necho \"warning: SwiftLint not installed, download from https://github.com/realm/SwiftLint\"\nfi\n";
		};
		D644F2FDBC656D38D85C4AD5 /* [CP] Embed Pods Frameworks */ = {
			isa = PBXShellScriptBuildPhase;
			buildActionMask = 2147483647;
			files = (
			);
			inputFileListPaths = (
				"${PODS_ROOT}/Target Support Files/Pods-geppetto/Pods-geppetto-frameworks-${CONFIGURATION}-input-files.xcfilelist",
			);
			name = "[CP] Embed Pods Frameworks";
			outputFileListPaths = (
				"${PODS_ROOT}/Target Support Files/Pods-geppetto/Pods-geppetto-frameworks-${CONFIGURATION}-output-files.xcfilelist",
			);
			runOnlyForDeploymentPostprocessing = 0;
			shellPath = /bin/sh;
			shellScript = "\"${PODS_ROOT}/Target Support Files/Pods-geppetto/Pods-geppetto-frameworks.sh\"\n";
			showEnvVarsInLog = 0;
		};
/* End PBXShellScriptBuildPhase section */

/* Begin PBXSourcesBuildPhase section */
		A7E65C2826860E1600570FBD /* Sources */ = {
			isa = PBXSourcesBuildPhase;
			buildActionMask = 2147483647;
			files = (
				A7E65C3026860E1600570FBD /* AppDelegate.swift in Sources */,
				A7BD6987268B5DED0005331F /* Card.swift in Sources */,
				31DA3385270C8F6C0055E2B6 /* History.swift in Sources */,
				A7BD697D268B59E10005331F /* DiscoverViewController.swift in Sources */,
				A7BD697F268B5A010005331F /* ProfileViewController.swift in Sources */,
				A7BD697B268B57B20005331F /* SearchViewController.swift in Sources */,
				D7581E1126F8B7E700903D9C /* AnalyticsHelper.swift in Sources */,
				A74A0BFE268F488C00F99C7C /* ActivityStepViewController.swift in Sources */,
				A7CE1E1A268CB33E00180E01 /* Searchable.swift in Sources */,
				2FC95C4B2695C71300FCE2CC /* ActivityConstructor.swift in Sources */,
				A74A0C00268F599D00F99C7C /* ActivityPageControlViewController.swift in Sources */,
				A7C66197269350D500E79AC4 /* ActivityOverviewViewController.swift in Sources */,
				A7CE1E1C268CB38200180E01 /* Activity.swift in Sources */,
				31DA3387270C8F7D0055E2B6 /* Favorites.swift in Sources */,
				A7690E5C26F8C7A50097127B /* CameraManager.swift in Sources */,
				A74A0BFC268F3D4000F99C7C /* ActivityPageViewController.swift in Sources */,
				31DA337C270C7CC70055E2B6 /* Moments.swift in Sources */,
				A7C66193269340D500E79AC4 /* ActivityStep.swift in Sources */,
				A7E65C3226860E1600570FBD /* SceneDelegate.swift in Sources */,
				CDF009822701E41200485CFA /* DesignableUIView.swift in Sources */,
				A766327D270744800024F879 /* OptionalTextActivityItemSource.swift in Sources */,
			);
			runOnlyForDeploymentPostprocessing = 0;
		};
/* End PBXSourcesBuildPhase section */

/* Begin PBXVariantGroup section */
		A7BD6974268B41F30005331F /* Discover.storyboard */ = {
			isa = PBXVariantGroup;
			children = (
				A7BD6975268B41F30005331F /* Base */,
			);
			name = Discover.storyboard;
			sourceTree = "<group>";
		};
		A7E65C3526860E1600570FBD /* Main.storyboard */ = {
			isa = PBXVariantGroup;
			children = (
				A7E65C3626860E1600570FBD /* Base */,
			);
			name = Main.storyboard;
			sourceTree = "<group>";
		};
		A7E65C3A26860E1700570FBD /* LaunchScreen.storyboard */ = {
			isa = PBXVariantGroup;
			children = (
				A7E65C3B26860E1700570FBD /* Base */,
			);
			name = LaunchScreen.storyboard;
			sourceTree = "<group>";
		};
/* End PBXVariantGroup section */

/* Begin XCBuildConfiguration section */
		A7E65C3E26860E1700570FBD /* Debug */ = {
			isa = XCBuildConfiguration;
			buildSettings = {
				ALWAYS_SEARCH_USER_PATHS = NO;
				CLANG_ANALYZER_NONNULL = YES;
				CLANG_ANALYZER_NUMBER_OBJECT_CONVERSION = YES_AGGRESSIVE;
				CLANG_CXX_LANGUAGE_STANDARD = "gnu++14";
				CLANG_CXX_LIBRARY = "libc++";
				CLANG_ENABLE_MODULES = YES;
				CLANG_ENABLE_OBJC_ARC = YES;
				CLANG_ENABLE_OBJC_WEAK = YES;
				CLANG_WARN_BLOCK_CAPTURE_AUTORELEASING = YES;
				CLANG_WARN_BOOL_CONVERSION = YES;
				CLANG_WARN_COMMA = YES;
				CLANG_WARN_CONSTANT_CONVERSION = YES;
				CLANG_WARN_DEPRECATED_OBJC_IMPLEMENTATIONS = YES;
				CLANG_WARN_DIRECT_OBJC_ISA_USAGE = YES_ERROR;
				CLANG_WARN_DOCUMENTATION_COMMENTS = YES;
				CLANG_WARN_EMPTY_BODY = YES;
				CLANG_WARN_ENUM_CONVERSION = YES;
				CLANG_WARN_INFINITE_RECURSION = YES;
				CLANG_WARN_INT_CONVERSION = YES;
				CLANG_WARN_NON_LITERAL_NULL_CONVERSION = YES;
				CLANG_WARN_OBJC_IMPLICIT_RETAIN_SELF = YES;
				CLANG_WARN_OBJC_LITERAL_CONVERSION = YES;
				CLANG_WARN_OBJC_ROOT_CLASS = YES_ERROR;
				CLANG_WARN_QUOTED_INCLUDE_IN_FRAMEWORK_HEADER = YES;
				CLANG_WARN_RANGE_LOOP_ANALYSIS = YES;
				CLANG_WARN_STRICT_PROTOTYPES = YES;
				CLANG_WARN_SUSPICIOUS_MOVE = YES;
				CLANG_WARN_UNGUARDED_AVAILABILITY = YES_AGGRESSIVE;
				CLANG_WARN_UNREACHABLE_CODE = YES;
				CLANG_WARN__DUPLICATE_METHOD_MATCH = YES;
				COPY_PHASE_STRIP = NO;
				DEBUG_INFORMATION_FORMAT = dwarf;
				ENABLE_STRICT_OBJC_MSGSEND = YES;
				ENABLE_TESTABILITY = YES;
				GCC_C_LANGUAGE_STANDARD = gnu11;
				GCC_DYNAMIC_NO_PIC = NO;
				GCC_NO_COMMON_BLOCKS = YES;
				GCC_OPTIMIZATION_LEVEL = 0;
				GCC_PREPROCESSOR_DEFINITIONS = (
					"DEBUG=1",
					"$(inherited)",
				);
				GCC_WARN_64_TO_32_BIT_CONVERSION = YES;
				GCC_WARN_ABOUT_RETURN_TYPE = YES_ERROR;
				GCC_WARN_UNDECLARED_SELECTOR = YES;
				GCC_WARN_UNINITIALIZED_AUTOS = YES_AGGRESSIVE;
				GCC_WARN_UNUSED_FUNCTION = YES;
				GCC_WARN_UNUSED_VARIABLE = YES;
				IPHONEOS_DEPLOYMENT_TARGET = 14.5;
				MTL_ENABLE_DEBUG_INFO = INCLUDE_SOURCE;
				MTL_FAST_MATH = YES;
				ONLY_ACTIVE_ARCH = YES;
				SDKROOT = iphoneos;
				SWIFT_ACTIVE_COMPILATION_CONDITIONS = DEBUG;
				SWIFT_OPTIMIZATION_LEVEL = "-Onone";
			};
			name = Debug;
		};
		A7E65C3F26860E1700570FBD /* Release */ = {
			isa = XCBuildConfiguration;
			buildSettings = {
				ALWAYS_SEARCH_USER_PATHS = NO;
				CLANG_ANALYZER_NONNULL = YES;
				CLANG_ANALYZER_NUMBER_OBJECT_CONVERSION = YES_AGGRESSIVE;
				CLANG_CXX_LANGUAGE_STANDARD = "gnu++14";
				CLANG_CXX_LIBRARY = "libc++";
				CLANG_ENABLE_MODULES = YES;
				CLANG_ENABLE_OBJC_ARC = YES;
				CLANG_ENABLE_OBJC_WEAK = YES;
				CLANG_WARN_BLOCK_CAPTURE_AUTORELEASING = YES;
				CLANG_WARN_BOOL_CONVERSION = YES;
				CLANG_WARN_COMMA = YES;
				CLANG_WARN_CONSTANT_CONVERSION = YES;
				CLANG_WARN_DEPRECATED_OBJC_IMPLEMENTATIONS = YES;
				CLANG_WARN_DIRECT_OBJC_ISA_USAGE = YES_ERROR;
				CLANG_WARN_DOCUMENTATION_COMMENTS = YES;
				CLANG_WARN_EMPTY_BODY = YES;
				CLANG_WARN_ENUM_CONVERSION = YES;
				CLANG_WARN_INFINITE_RECURSION = YES;
				CLANG_WARN_INT_CONVERSION = YES;
				CLANG_WARN_NON_LITERAL_NULL_CONVERSION = YES;
				CLANG_WARN_OBJC_IMPLICIT_RETAIN_SELF = YES;
				CLANG_WARN_OBJC_LITERAL_CONVERSION = YES;
				CLANG_WARN_OBJC_ROOT_CLASS = YES_ERROR;
				CLANG_WARN_QUOTED_INCLUDE_IN_FRAMEWORK_HEADER = YES;
				CLANG_WARN_RANGE_LOOP_ANALYSIS = YES;
				CLANG_WARN_STRICT_PROTOTYPES = YES;
				CLANG_WARN_SUSPICIOUS_MOVE = YES;
				CLANG_WARN_UNGUARDED_AVAILABILITY = YES_AGGRESSIVE;
				CLANG_WARN_UNREACHABLE_CODE = YES;
				CLANG_WARN__DUPLICATE_METHOD_MATCH = YES;
				COPY_PHASE_STRIP = NO;
				DEBUG_INFORMATION_FORMAT = "dwarf-with-dsym";
				ENABLE_NS_ASSERTIONS = NO;
				ENABLE_STRICT_OBJC_MSGSEND = YES;
				GCC_C_LANGUAGE_STANDARD = gnu11;
				GCC_NO_COMMON_BLOCKS = YES;
				GCC_WARN_64_TO_32_BIT_CONVERSION = YES;
				GCC_WARN_ABOUT_RETURN_TYPE = YES_ERROR;
				GCC_WARN_UNDECLARED_SELECTOR = YES;
				GCC_WARN_UNINITIALIZED_AUTOS = YES_AGGRESSIVE;
				GCC_WARN_UNUSED_FUNCTION = YES;
				GCC_WARN_UNUSED_VARIABLE = YES;
				IPHONEOS_DEPLOYMENT_TARGET = 14.5;
				MTL_ENABLE_DEBUG_INFO = NO;
				MTL_FAST_MATH = YES;
				SDKROOT = iphoneos;
				SWIFT_COMPILATION_MODE = wholemodule;
				SWIFT_OPTIMIZATION_LEVEL = "-O";
				VALIDATE_PRODUCT = YES;
			};
			name = Release;
		};
		A7E65C4126860E1700570FBD /* Debug */ = {
			isa = XCBuildConfiguration;
			baseConfigurationReference = 28E3FC289032081DC8A179C1 /* Pods-geppetto.debug.xcconfig */;
			buildSettings = {
				ASSETCATALOG_COMPILER_APPICON_NAME = AppIcon;
				ASSETCATALOG_COMPILER_GLOBAL_ACCENT_COLOR_NAME = AccentColor;
				CODE_SIGN_STYLE = Automatic;
				CURRENT_PROJECT_VERSION = 2;
				DEVELOPMENT_TEAM = 3W2GZBLUSM;
				INFOPLIST_FILE = geppetto/Info.plist;
				IPHONEOS_DEPLOYMENT_TARGET = 14.1;
				LD_RUNPATH_SEARCH_PATHS = (
					"$(inherited)",
					"@executable_path/Frameworks",
				);
				MARKETING_VERSION = 0.1.0;
				PRODUCT_BUNDLE_IDENTIFIER = com.juntu.geppettoinc.camera;
				PRODUCT_NAME = "$(TARGET_NAME)";
				SWIFT_VERSION = 5.0;
				TARGETED_DEVICE_FAMILY = 1;
			};
			name = Debug;
		};
		A7E65C4226860E1700570FBD /* Release */ = {
			isa = XCBuildConfiguration;
			baseConfigurationReference = 1D97AA0C085D5E011BEDC899 /* Pods-geppetto.release.xcconfig */;
			buildSettings = {
				ASSETCATALOG_COMPILER_APPICON_NAME = AppIcon;
				ASSETCATALOG_COMPILER_GLOBAL_ACCENT_COLOR_NAME = AccentColor;
				CODE_SIGN_STYLE = Automatic;
				CURRENT_PROJECT_VERSION = 2;
				DEVELOPMENT_TEAM = 3W2GZBLUSM;
				INFOPLIST_FILE = geppetto/Info.plist;
				IPHONEOS_DEPLOYMENT_TARGET = 14.1;
				LD_RUNPATH_SEARCH_PATHS = (
					"$(inherited)",
					"@executable_path/Frameworks",
				);
				MARKETING_VERSION = 0.1.0;
				PRODUCT_BUNDLE_IDENTIFIER = com.juntu.geppettoinc.camera;
				PRODUCT_NAME = "$(TARGET_NAME)";
				SWIFT_VERSION = 5.0;
				TARGETED_DEVICE_FAMILY = 1;
			};
			name = Release;
		};
/* End XCBuildConfiguration section */

/* Begin XCConfigurationList section */
		A7E65C2726860E1600570FBD /* Build configuration list for PBXProject "geppetto" */ = {
			isa = XCConfigurationList;
			buildConfigurations = (
				A7E65C3E26860E1700570FBD /* Debug */,
				A7E65C3F26860E1700570FBD /* Release */,
			);
			defaultConfigurationIsVisible = 0;
			defaultConfigurationName = Release;
		};
		A7E65C4026860E1700570FBD /* Build configuration list for PBXNativeTarget "geppetto" */ = {
			isa = XCConfigurationList;
			buildConfigurations = (
				A7E65C4126860E1700570FBD /* Debug */,
				A7E65C4226860E1700570FBD /* Release */,
			);
			defaultConfigurationIsVisible = 0;
			defaultConfigurationName = Release;
		};
/* End XCConfigurationList section */
	};
	rootObject = A7E65C2426860E1600570FBD /* Project object */;
}
